
Microsoft Visual Studio Solution File, Format Version 12.00
# Visual Studio Version 17
VisualStudioVersion = 17.10.34916.146
MinimumVisualStudioVersion = 10.0.40219.1
Project("{9A19103F-16F7-4668-BE54-9A1E7A4F7556}") = "PingTracker", "PingTracker-Main\PingTracker.csproj", "{2952EB71-CBEF-456D-9A7C-D76F6BD458F4}"
EndProject
Project("{FAE04EC0-301F-11D3-BF4B-00C04F79EFBC}") = "PingTracker.Model", "PingTracker.Model\PingTracker.Model.csproj", "{6572488D-2ADB-4D1B-827E-12951D8CC736}"
EndProject
Global
	GlobalSection(SolutionConfigurationPlatforms) = preSolution
		Debug|Any CPU = Debug|Any CPU
		Release|Any CPU = Release|Any CPU
	EndGlobalSection
	GlobalSection(ProjectConfigurationPlatforms) = postSolution
		{2952EB71-CBEF-456D-9A7C-D76F6BD458F4}.Debug|Any CPU.ActiveCfg = Debug|Any CPU
		{2952EB71-CBEF-456D-9A7C-D76F6BD458F4}.Debug|Any CPU.Build.0 = Debug|Any CPU
		{2952EB71-CBEF-456D-9A7C-D76F6BD458F4}.Release|Any CPU.ActiveCfg = Release|Any CPU
		{2952EB71-CBEF-456D-9A7C-D76F6BD458F4}.Release|Any CPU.Build.0 = Release|Any CPU
		{6572488D-2ADB-4D1B-827E-12951D8CC736}.Debug|Any CPU.ActiveCfg = Debug|Any CPU
		{6572488D-2ADB-4D1B-827E-12951D8CC736}.Debug|Any CPU.Build.0 = Debug|Any CPU
		{6572488D-2ADB-4D1B-827E-12951D8CC736}.Release|Any CPU.ActiveCfg = Release|Any CPU
		{6572488D-2ADB-4D1B-827E-12951D8CC736}.Release|Any CPU.Build.0 = Release|Any CPU
	EndGlobalSection
	GlobalSection(SolutionProperties) = preSolution
		HideSolutionNode = FALSE
	EndGlobalSection
	GlobalSection(ExtensibilityGlobals) = postSolution
		SolutionGuid = {B7D9EF2A-8472-41C1-B068-8FDAD872D7FE}
	EndGlobalSection
EndGlobal
